
Microsoft Visual Studio Solution File, Format Version 12.00
# Visual Studio Version 16
VisualStudioVersion = 16.0.33027.164
MinimumVisualStudioVersion = 10.0.40219.1
Project("{888888A0-9F3D-457C-B088-3A5042F75D52}") = "Arreglos Python", "Arreglos Python\Arreglos Python.pyproj", "{D54CD6E3-4C4B-4B61-86F6-69BAA7468E04}"
EndProject
Global
	GlobalSection(SolutionConfigurationPlatforms) = preSolution
		Debug|Any CPU = Debug|Any CPU
		Release|Any CPU = Release|Any CPU
	EndGlobalSection
	GlobalSection(ProjectConfigurationPlatforms) = postSolution
		{D54CD6E3-4C4B-4B61-86F6-69BAA7468E04}.Debug|Any CPU.ActiveCfg = Debug|Any CPU
		{D54CD6E3-4C4B-4B61-86F6-69BAA7468E04}.Release|Any CPU.ActiveCfg = Release|Any CPU
	EndGlobalSection
	GlobalSection(SolutionProperties) = preSolution
		HideSolutionNode = FALSE
	EndGlobalSection
	GlobalSection(ExtensibilityGlobals) = postSolution
		SolutionGuid = {0D37687A-34B1-4028-BEC8-400F05F0CBC5}
	EndGlobalSection
EndGlobal
